{
  "nodes": {
    "goreleaser": {
      "flake": false,
      "locked": {
        "lastModified": 1789616489,
        "narHash": "sha256-VrxdD+TQcof1UsIKNgVow5sQLUATDaT+EwsMLS0awVo=",
        "owner": "goreleaser",
        "repo": "nur",
        "rev": "52282e9a2d7c6882e9e0e8675d593b928c89e323",
        "type": "github"
      },
      "original": {
        "owner": "goreleaser",
        "repo": "nur",
        "rev": "52282e9a2d7c6882e9e0e8675d593b928c89e323",
        "type": "github"
      }
    },
    "nixpkgs": {
      "locked": {
        "lastModified": 1773821835,
        "narHash": "sha256-TJ3lSQtW0E2JrznGVm8hOQGVpXjJyXY2guAxku2O9A4=",
        "rev": "b40629efe5d6ec48dd1efba650c797ddbd39ace0",
        "revCount": 964859,
        "type": "tarball",
        "url": "https://api.flakehub.com/f/pinned/NixOS/nixpkgs/0.1.964859%2Brev-b40629efe5d6ec48dd1efba650c797ddbd39ace0/019d03e9-2959-7276-adaa-d074e96422de/source.tar.gz"
      },
      "original": {
        "type": "tarball",
        "url": "https://flakehub.com/f/NixOS/nixpkgs/0.2511"
      }
    },
    "nixpkgs-unstable": {
      "locked": {
        "lastModified": 1772963539,
        "narHash": "sha256-9jVDGZnvCckTGdYT53d/EfznygLskyLQXYwJLKMPsZs=",
        "rev": "9dcb002ca1690658be4a04645215baea8b95f31d",
        "revCount": 960399,
        "type": "tarball",
        "url": "https://api.flakehub.com/f/pinned/NixOS/nixpkgs/0.1.960399%2Brev-9dcb002ca1690658be4a04645215baea8b95f31d/019cd400-6f38-7074-b8c8-f84603ddd88b/source.tar.gz"
      },
      "original": {
        "type": "tarball",
        "url": "https://flakehub.com/f/NixOS/nixpkgs/0.1"
      }
    },
    "root": {
      "inputs": {
        "goreleaser": "goreleaser",
        "nixpkgs": "nixpkgs",
        "nixpkgs-unstable": "nixpkgs-unstable"
      }
    }
  },
  "root": "root",
  "version": 7
}
